{
  "name": "@0xmariowu/agent-lint",
  "version": "0.6.2",
  "lockfileVersion": 3,
  "requires": true,
  "packages": {
    "": {
      "name": "@0xmariowu/agent-lint",
      "version": "0.6.2",
      "hasInstallScript": true,
      "license": "MIT",
      "os": [
        "darwin",
        "linux"
      ],
      "engines": {
        "node": ">=20"
      }
    }
  }
}
